
Microsoft Visual Studio Solution File, Format Version 12.00
# Visual Studio Version 16
VisualStudioVersion = 16.0.32413.511
MinimumVisualStudioVersion = 10.0.40219.1
Project("{FAE04EC0-301F-11D3-BF4B-00C04F79EFBC}") = "PipeInsulationPlugin", "PipeInsulationPlugin\PipeInsulationPlugin.csproj", "{776B7607-AA9B-4074-8058-4573E1696DD0}"
EndProject
Global
	GlobalSection(SolutionConfigurationPlatforms) = preSolution
		Debug|Any CPU = Debug|Any CPU
		Release|Any CPU = Release|Any CPU
	EndGlobalSection
	GlobalSection(ProjectConfigurationPlatforms) = postSolution
		{776B7607-AA9B-4074-8058-4573E1696DD0}.Debug|Any CPU.ActiveCfg = Debug|Any CPU
		{776B7607-AA9B-4074-8058-4573E1696DD0}.Debug|Any CPU.Build.0 = Debug|Any CPU
		{776B7607-AA9B-4074-8058-4573E1696DD0}.Release|Any CPU.ActiveCfg = Release|Any CPU
		{776B7607-AA9B-4074-8058-4573E1696DD0}.Release|Any CPU.Build.0 = Release|Any CPU
	EndGlobalSection
	GlobalSection(SolutionProperties) = preSolution
		HideSolutionNode = FALSE
	EndGlobalSection
	GlobalSection(ExtensibilityGlobals) = postSolution
		SolutionGuid = {BD290B92-5D7A-4321-BC1C-EE7B8E85041C}
	EndGlobalSection
EndGlobal
